PODS:
  - Alamofire (5.2.2)
  - ObjectMapper (4.2.0)
  - SVProgressHUD (2.2.5)
  - SwiftyJSON (5.0.0)

DEPENDENCIES:
  - Alamofire
  - ObjectMapper
  - SVProgressHUD
  - SwiftyJSON

SPEC REPOS:
  trunk:
    - Alamofire
    - ObjectMapper
    - SVProgressHUD
    - SwiftyJSON

SPEC CHECKSUMS:
  Alamofire: 814429acc853c6c54ff123fc3d2ef66803823ce0
  ObjectMapper: 1eb41f610210777375fa806bf161dc39fb832b81
  SVProgressHUD: 1428aafac632c1f86f62aa4243ec12008d7a51d6
  SwiftyJSON: 36413e04c44ee145039d332b4f4e2d3e8d6c4db7

PODFILE CHECKSUM: 97140ff47f01f0a7683e55538e1b16cac09a8b92

COCOAPODS: 1.10.0
