// !$*UTF8*$!
{
	archiveVersion = 1;
	classes = {
	};
	objectVersion = 51;
	objects = {

/* Begin PBXBuildFile section */
		181DB0A225641A42009BB1B7 /* Homeviewcontroller.swift in Sources */ = {isa = PBXBuildFile; fileRef = 181DB0A125641A42009BB1B7 /* Homeviewcontroller.swift */; };
		18958B01256557D30098D398 /* Wireframe.swift in Sources */ = {isa = PBXBuildFile; fileRef = 18958B00256557D30098D398 /* Wireframe.swift */; };
		18958B06256557E90098D398 /* ViewController.swift in Sources */ = {isa = PBXBuildFile; fileRef = 18958B05256557E90098D398 /* ViewController.swift */; };
		18958B0B256558040098D398 /* Postlistcell.xib in Resources */ = {isa = PBXBuildFile; fileRef = 18958B0A256558040098D398 /* Postlistcell.xib */; };
		18A2712F25663CB50093B125 /* PostModel.swift in Sources */ = {isa = PBXBuildFile; fileRef = 18A2712E25663CB50093B125 /* PostModel.swift */; };
		18A2713425663CDC0093B125 /* RequestObservable.swift in Sources */ = {isa = PBXBuildFile; fileRef = 18A2713325663CDC0093B125 /* RequestObservable.swift */; };
		18A2713925663D140093B125 /* Apiclient.swift in Sources */ = {isa = PBXBuildFile; fileRef = 18A2713825663D140093B125 /* Apiclient.swift */; };
		18A2713E25663D520093B125 /* DisplayPostcontroller.swift in Sources */ = {isa = PBXBuildFile; fileRef = 18A2713D25663D520093B125 /* DisplayPostcontroller.swift */; };
		18A271482566526A0093B125 /* PostlistModel.swift in Sources */ = {isa = PBXBuildFile; fileRef = 18A271472566526A0093B125 /* PostlistModel.swift */; };
		18CF299B25643A900063FBA6 /* CAPSPageMenu+UIGestureRecognizerDelegate.swift in Sources */ = {isa = PBXBuildFile; fileRef = 18CF299425643A8F0063FBA6 /* CAPSPageMenu+UIGestureRecognizerDelegate.swift */; };
		18CF299C25643A900063FBA6 /* MenuItemView.swift in Sources */ = {isa = PBXBuildFile; fileRef = 18CF299525643A900063FBA6 /* MenuItemView.swift */; };
		18CF299D25643A900063FBA6 /* CAPSPageMenu+Options.swift in Sources */ = {isa = PBXBuildFile; fileRef = 18CF299625643A900063FBA6 /* CAPSPageMenu+Options.swift */; };
		18CF299E25643A900063FBA6 /* CAPSPageMenu.swift in Sources */ = {isa = PBXBuildFile; fileRef = 18CF299725643A900063FBA6 /* CAPSPageMenu.swift */; };
		18CF299F25643A900063FBA6 /* CAPSPageMenu+UIConfiguration.swift in Sources */ = {isa = PBXBuildFile; fileRef = 18CF299825643A900063FBA6 /* CAPSPageMenu+UIConfiguration.swift */; };
		18CF29A025643A900063FBA6 /* CAPSPageMenuConfiguration.swift in Sources */ = {isa = PBXBuildFile; fileRef = 18CF299925643A900063FBA6 /* CAPSPageMenuConfiguration.swift */; };
		18CF29A125643A900063FBA6 /* CAPSPageMenu+UIScrollViewDelegate.swift in Sources */ = {isa = PBXBuildFile; fileRef = 18CF299A25643A900063FBA6 /* CAPSPageMenu+UIScrollViewDelegate.swift */; };
		18CF29A725643B3D0063FBA6 /* PostListvc.swift in Sources */ = {isa = PBXBuildFile; fileRef = 18CF29A625643B3D0063FBA6 /* PostListvc.swift */; };
		18CF29AF25643B4D0063FBA6 /* FavListvc.swift in Sources */ = {isa = PBXBuildFile; fileRef = 18CF29AE25643B4D0063FBA6 /* FavListvc.swift */; };
		18CF29B4256446420063FBA6 /* Postlistcell.swift in Sources */ = {isa = PBXBuildFile; fileRef = 18CF29B3256446420063FBA6 /* Postlistcell.swift */; };
		18CF29B9256447C90063FBA6 /* Theme.swift in Sources */ = {isa = PBXBuildFile; fileRef = 18CF29B8256447C90063FBA6 /* Theme.swift */; };
		18CF2A13256456B60063FBA6 /* ApiKeys.swift in Sources */ = {isa = PBXBuildFile; fileRef = 18CF2A12256456B60063FBA6 /* ApiKeys.swift */; };
		18F8D8D72564085400594D4C /* AppDelegate.swift in Sources */ = {isa = PBXBuildFile; fileRef = 18F8D8D62564085400594D4C /* AppDelegate.swift */; };
		18F8D8D92564085400594D4C /* SceneDelegate.swift in Sources */ = {isa = PBXBuildFile; fileRef = 18F8D8D82564085400594D4C /* SceneDelegate.swift */; };
		18F8D8DB2564085400594D4C /* LoginViewController.swift in Sources */ = {isa = PBXBuildFile; fileRef = 18F8D8DA2564085400594D4C /* LoginViewController.swift */; };
		18F8D8DE2564085400594D4C /* Main.storyboard in Resources */ = {isa = PBXBuildFile; fileRef = 18F8D8DC2564085400594D4C /* Main.storyboard */; };
		18F8D8E12564085400594D4C /* Demoapp.xcdatamodeld in Sources */ = {isa = PBXBuildFile; fileRef = 18F8D8DF2564085400594D4C /* Demoapp.xcdatamodeld */; };
		18F8D8E32564085600594D4C /* Assets.xcassets in Resources */ = {isa = PBXBuildFile; fileRef = 18F8D8E22564085600594D4C /* Assets.xcassets */; };
		18F8D8E62564085600594D4C /* LaunchScreen.storyboard in Resources */ = {isa = PBXBuildFile; fileRef = 18F8D8E42564085600594D4C /* LaunchScreen.storyboard */; };
		18F8D8F12564085700594D4C /* DemoappTests.swift in Sources */ = {isa = PBXBuildFile; fileRef = 18F8D8F02564085700594D4C /* DemoappTests.swift */; };
		18F8D8FC2564085700594D4C /* DemoappUITests.swift in Sources */ = {isa = PBXBuildFile; fileRef = 18F8D8FB2564085700594D4C /* DemoappUITests.swift */; };
		673A72FD04531D69CC9DA7AB /* Pods_Demoapp.framework in Frameworks */ = {isa = PBXBuildFile; fileRef = 38CE599778BC6F38A151DAB2 /* Pods_Demoapp.framework */; };
		6BBAC04E73BE089528EA2F76 /* Pods_Demoapp_DemoappUITests.framework in Frameworks */ = {isa = PBXBuildFile; fileRef = E513BD763D59082A581A7D15 /* Pods_Demoapp_DemoappUITests.framework */; };
		B94DA5BF6B97437069F58E81 /* Pods_DemoappTests.framework in Frameworks */ = {isa = PBXBuildFile; fileRef = E8B08EE9CFF7B246D04FEEB5 /* Pods_DemoappTests.framework */; };
/* End PBXBuildFile section */

/* Begin PBXContainerItemProxy section */
		18F8D8ED2564085700594D4C /* PBXContainerItemProxy */ = {
			isa = PBXContainerItemProxy;
			containerPortal = 18F8D8CB2564085400594D4C /* Project object */;
			proxyType = 1;
			remoteGlobalIDString = 18F8D8D22564085400594D4C;
			remoteInfo = Demoapp;
		};
		18F8D8F82564085700594D4C /* PBXContainerItemProxy */ = {
			isa = PBXContainerItemProxy;
			containerPortal = 18F8D8CB2564085400594D4C /* Project object */;
			proxyType = 1;
			remoteGlobalIDString = 18F8D8D22564085400594D4C;
			remoteInfo = Demoapp;
		};
/* End PBXContainerItemProxy section */

/* Begin PBXFileReference section */
		049EC5F6EDCB6A97EB3546F0 /* Pods-Demoapp-DemoappUITests.debug.xcconfig */ = {isa = PBXFileReference; includeInIndex = 1; lastKnownFileType = text.xcconfig; name = "Pods-Demoapp-DemoappUITests.debug.xcconfig"; path = "Target Support Files/Pods-Demoapp-DemoappUITests/Pods-Demoapp-DemoappUITests.debug.xcconfig"; sourceTree = "<group>"; };
		181DB0A125641A42009BB1B7 /* Homeviewcontroller.swift */ = {isa = PBXFileReference; lastKnownFileType = sourcecode.swift; path = Homeviewcontroller.swift; sourceTree = "<group>"; };
		18958B00256557D30098D398 /* Wireframe.swift */ = {isa = PBXFileReference; fileEncoding = 4; lastKnownFileType = sourcecode.swift; path = Wireframe.swift; sourceTree = "<group>"; };
		18958B05256557E90098D398 /* ViewController.swift */ = {isa = PBXFileReference; fileEncoding = 4; lastKnownFileType = sourcecode.swift; path = ViewController.swift; sourceTree = "<group>"; };
		18958B0A256558040098D398 /* Postlistcell.xib */ = {isa = PBXFileReference; fileEncoding = 4; lastKnownFileType = file.xib; path = Postlistcell.xib; sourceTree = "<group>"; };
		18A2712E25663CB50093B125 /* PostModel.swift */ = {isa = PBXFileReference; lastKnownFileType = sourcecode.swift; path = PostModel.swift; sourceTree = "<group>"; };
		18A2713325663CDC0093B125 /* RequestObservable.swift */ = {isa = PBXFileReference; lastKnownFileType = sourcecode.swift; path = RequestObservable.swift; sourceTree = "<group>"; };
		18A2713825663D140093B125 /* Apiclient.swift */ = {isa = PBXFileReference; lastKnownFileType = sourcecode.swift; path = Apiclient.swift; sourceTree = "<group>"; };
		18A2713D25663D520093B125 /* DisplayPostcontroller.swift */ = {isa = PBXFileReference; lastKnownFileType = sourcecode.swift; path = DisplayPostcontroller.swift; sourceTree = "<group>"; };
		18A271472566526A0093B125 /* PostlistModel.swift */ = {isa = PBXFileReference; fileEncoding = 4; lastKnownFileType = sourcecode.swift; path = PostlistModel.swift; sourceTree = "<group>"; };
		18CF299425643A8F0063FBA6 /* CAPSPageMenu+UIGestureRecognizerDelegate.swift */ = {isa = PBXFileReference; fileEncoding = 4; lastKnownFileType = sourcecode.swift; path = "CAPSPageMenu+UIGestureRecognizerDelegate.swift"; sourceTree = "<group>"; };
		18CF299525643A900063FBA6 /* MenuItemView.swift */ = {isa = PBXFileReference; fileEncoding = 4; lastKnownFileType = sourcecode.swift; path = MenuItemView.swift; sourceTree = "<group>"; };
		18CF299625643A900063FBA6 /* CAPSPageMenu+Options.swift */ = {isa = PBXFileReference; fileEncoding = 4; lastKnownFileType = sourcecode.swift; path = "CAPSPageMenu+Options.swift"; sourceTree = "<group>"; };
		18CF299725643A900063FBA6 /* CAPSPageMenu.swift */ = {isa = PBXFileReference; fileEncoding = 4; lastKnownFileType = sourcecode.swift; path = CAPSPageMenu.swift; sourceTree = "<group>"; };
		18CF299825643A900063FBA6 /* CAPSPageMenu+UIConfiguration.swift */ = {isa = PBXFileReference; fileEncoding = 4; lastKnownFileType = sourcecode.swift; path = "CAPSPageMenu+UIConfiguration.swift"; sourceTree = "<group>"; };
		18CF299925643A900063FBA6 /* CAPSPageMenuConfiguration.swift */ = {isa = PBXFileReference; fileEncoding = 4; lastKnownFileType = sourcecode.swift; path = CAPSPageMenuConfiguration.swift; sourceTree = "<group>"; };
		18CF299A25643A900063FBA6 /* CAPSPageMenu+UIScrollViewDelegate.swift */ = {isa = PBXFileReference; fileEncoding = 4; lastKnownFileType = sourcecode.swift; path = "CAPSPageMenu+UIScrollViewDelegate.swift"; sourceTree = "<group>"; };
		18CF29A625643B3D0063FBA6 /* PostListvc.swift */ = {isa = PBXFileReference; lastKnownFileType = sourcecode.swift; path = PostListvc.swift; sourceTree = "<group>"; };
		18CF29AE25643B4D0063FBA6 /* FavListvc.swift */ = {isa = PBXFileReference; lastKnownFileType = sourcecode.swift; path = FavListvc.swift; sourceTree = "<group>"; };
		18CF29B3256446420063FBA6 /* Postlistcell.swift */ = {isa = PBXFileReference; lastKnownFileType = sourcecode.swift; path = Postlistcell.swift; sourceTree = "<group>"; };
		18CF29B8256447C90063FBA6 /* Theme.swift */ = {isa = PBXFileReference; fileEncoding = 4; lastKnownFileType = sourcecode.swift; path = Theme.swift; sourceTree = "<group>"; };
		18CF2A12256456B60063FBA6 /* ApiKeys.swift */ = {isa = PBXFileReference; fileEncoding = 4; lastKnownFileType = sourcecode.swift; path = ApiKeys.swift; sourceTree = "<group>"; };
		18F8D8D32564085400594D4C /* Demoapp.app */ = {isa = PBXFileReference; explicitFileType = wrapper.application; includeInIndex = 0; path = Demoapp.app; sourceTree = BUILT_PRODUCTS_DIR; };
		18F8D8D62564085400594D4C /* AppDelegate.swift */ = {isa = PBXFileReference; lastKnownFileType = sourcecode.swift; path = AppDelegate.swift; sourceTree = "<group>"; };
		18F8D8D82564085400594D4C /* SceneDelegate.swift */ = {isa = PBXFileReference; lastKnownFileType = sourcecode.swift; path = SceneDelegate.swift; sourceTree = "<group>"; };
		18F8D8DA2564085400594D4C /* LoginViewController.swift */ = {isa = PBXFileReference; lastKnownFileType = sourcecode.swift; path = LoginViewController.swift; sourceTree = "<group>"; };
		18F8D8DD2564085400594D4C /* Base */ = {isa = PBXFileReference; lastKnownFileType = file.storyboard; name = Base; path = Base.lproj/Main.storyboard; sourceTree = "<group>"; };
		18F8D8E02564085400594D4C /* Demoapp.xcdatamodel */ = {isa = PBXFileReference; lastKnownFileType = wrapper.xcdatamodel; path = Demoapp.xcdatamodel; sourceTree = "<group>"; };
		18F8D8E22564085600594D4C /* Assets.xcassets */ = {isa = PBXFileReference; lastKnownFileType = folder.assetcatalog; path = Assets.xcassets; sourceTree = "<group>"; };
		18F8D8E52564085600594D4C /* Base */ = {isa = PBXFileReference; lastKnownFileType = file.storyboard; name = Base; path = Base.lproj/LaunchScreen.storyboard; sourceTree = "<group>"; };
		18F8D8E72564085600594D4C /* Info.plist */ = {isa = PBXFileReference; lastKnownFileType = text.plist.xml; path = Info.plist; sourceTree = "<group>"; };
		18F8D8EC2564085700594D4C /* DemoappTests.xctest */ = {isa = PBXFileReference; explicitFileType = wrapper.cfbundle; includeInIndex = 0; path = DemoappTests.xctest; sourceTree = BUILT_PRODUCTS_DIR; };
		18F8D8F02564085700594D4C /* DemoappTests.swift */ = {isa = PBXFileReference; lastKnownFileType = sourcecode.swift; path = DemoappTests.swift; sourceTree = "<group>"; };
		18F8D8F22564085700594D4C /* Info.plist */ = {isa = PBXFileReference; lastKnownFileType = text.plist.xml; path = Info.plist; sourceTree = "<group>"; };
		18F8D8F72564085700594D4C /* DemoappUITests.xctest */ = {isa = PBXFileReference; explicitFileType = wrapper.cfbundle; includeInIndex = 0; path = DemoappUITests.xctest; sourceTree = BUILT_PRODUCTS_DIR; };
		18F8D8FB2564085700594D4C /* DemoappUITests.swift */ = {isa = PBXFileReference; lastKnownFileType = sourcecode.swift; path = DemoappUITests.swift; sourceTree = "<group>"; };
		18F8D8FD2564085700594D4C /* Info.plist */ = {isa = PBXFileReference; lastKnownFileType = text.plist.xml; path = Info.plist; sourceTree = "<group>"; };
		21282479617ADAA938C1C458 /* Pods-DemoappTests.debug.xcconfig */ = {isa = PBXFileReference; includeInIndex = 1; lastKnownFileType = text.xcconfig; name = "Pods-DemoappTests.debug.xcconfig"; path = "Target Support Files/Pods-DemoappTests/Pods-DemoappTests.debug.xcconfig"; sourceTree = "<group>"; };
		32502859C7E9FE32169C0F25 /* Pods-DemoappTests.release.xcconfig */ = {isa = PBXFileReference; includeInIndex = 1; lastKnownFileType = text.xcconfig; name = "Pods-DemoappTests.release.xcconfig"; path = "Target Support Files/Pods-DemoappTests/Pods-DemoappTests.release.xcconfig"; sourceTree = "<group>"; };
		38CE599778BC6F38A151DAB2 /* Pods_Demoapp.framework */ = {isa = PBXFileReference; explicitFileType = wrapper.framework; includeInIndex = 0; path = Pods_Demoapp.framework; sourceTree = BUILT_PRODUCTS_DIR; };
		6C2ACE5CC8767CFAA9306CA0 /* Pods-Demoapp.debug.xcconfig */ = {isa = PBXFileReference; includeInIndex = 1; lastKnownFileType = text.xcconfig; name = "Pods-Demoapp.debug.xcconfig"; path = "Target Support Files/Pods-Demoapp/Pods-Demoapp.debug.xcconfig"; sourceTree = "<group>"; };
		71055003F9FB1629F3C94A0C /* Pods-Demoapp.release.xcconfig */ = {isa = PBXFileReference; includeInIndex = 1; lastKnownFileType = text.xcconfig; name = "Pods-Demoapp.release.xcconfig"; path = "Target Support Files/Pods-Demoapp/Pods-Demoapp.release.xcconfig"; sourceTree = "<group>"; };
		A7CB3D1D5BC1F02977B44765 /* Pods-Demoapp-DemoappUITests.release.xcconfig */ = {isa = PBXFileReference; includeInIndex = 1; lastKnownFileType = text.xcconfig; name = "Pods-Demoapp-DemoappUITests.release.xcconfig"; path = "Target Support Files/Pods-Demoapp-DemoappUITests/Pods-Demoapp-DemoappUITests.release.xcconfig"; sourceTree = "<group>"; };
		E513BD763D59082A581A7D15 /* Pods_Demoapp_DemoappUITests.framework */ = {isa = PBXFileReference; explicitFileType = wrapper.framework; includeInIndex = 0; path = Pods_Demoapp_DemoappUITests.framework; sourceTree = BUILT_PRODUCTS_DIR; };
		E8B08EE9CFF7B246D04FEEB5 /* Pods_DemoappTests.framework */ = {isa = PBXFileReference; explicitFileType = wrapper.framework; includeInIndex = 0; path = Pods_DemoappTests.framework; sourceTree = BUILT_PRODUCTS_DIR; };
/* End PBXFileReference section */

/* Begin PBXFrameworksBuildPhase section */
		18F8D8D02564085400594D4C /* Frameworks */ = {
			isa = PBXFrameworksBuildPhase;
			buildActionMask = 2147483647;
			files = (
				673A72FD04531D69CC9DA7AB /* Pods_Demoapp.framework in Frameworks */,
			);
			runOnlyForDeploymentPostprocessing = 0;
		};
		18F8D8E92564085700594D4C /* Frameworks */ = {
			isa = PBXFrameworksBuildPhase;
			buildActionMask = 2147483647;
			files = (
				B94DA5BF6B97437069F58E81 /* Pods_DemoappTests.framework in Frameworks */,
			);
			runOnlyForDeploymentPostprocessing = 0;
		};
		18F8D8F42564085700594D4C /* Frameworks */ = {
			isa = PBXFrameworksBuildPhase;
			buildActionMask = 2147483647;
			files = (
				6BBAC04E73BE089528EA2F76 /* Pods_Demoapp_DemoappUITests.framework in Frameworks */,
			);
			runOnlyForDeploymentPostprocessing = 0;
		};
/* End PBXFrameworksBuildPhase section */

/* Begin PBXGroup section */
		18958B1F2565623C0098D398 /* Helper */ = {
			isa = PBXGroup;
			children = (
				18CF298B25643A490063FBA6 /* Helper */,
				18CF29F3256451E00063FBA6 /* Services */,
			);
			path = Helper;
			sourceTree = "<group>";
		};
		18958B21256562790098D398 /* controller */ = {
			isa = PBXGroup;
			children = (
				18F8D8DA2564085400594D4C /* LoginViewController.swift */,
				181DB0A125641A42009BB1B7 /* Homeviewcontroller.swift */,
				18958B05256557E90098D398 /* ViewController.swift */,
			);
			path = controller;
			sourceTree = "<group>";
		};
		18A27116256569570093B125 /* customview */ = {
			isa = PBXGroup;
			children = (
				18A271182565697D0093B125 /* cell */,
				18A27117256569710093B125 /* tableview */,
			);
			path = customview;
			sourceTree = "<group>";
		};
		18A27117256569710093B125 /* tableview */ = {
			isa = PBXGroup;
			children = (
				18CF29AE25643B4D0063FBA6 /* FavListvc.swift */,
				18CF29A625643B3D0063FBA6 /* PostListvc.swift */,
			);
			path = tableview;
			sourceTree = "<group>";
		};
		18A271182565697D0093B125 /* cell */ = {
			isa = PBXGroup;
			children = (
				18CF29B3256446420063FBA6 /* Postlistcell.swift */,
				18958B0A256558040098D398 /* Postlistcell.xib */,
			);
			path = cell;
			sourceTree = "<group>";
		};
		18CF298B25643A490063FBA6 /* Helper */ = {
			isa = PBXGroup;
			children = (
				18CF29B8256447C90063FBA6 /* Theme.swift */,
				18CF2A12256456B60063FBA6 /* ApiKeys.swift */,
				18CF299325643A740063FBA6 /* PageMenu */,
			);
			path = Helper;
			sourceTree = "<group>";
		};
		18CF299325643A740063FBA6 /* PageMenu */ = {
			isa = PBXGroup;
			children = (
				18CF299725643A900063FBA6 /* CAPSPageMenu.swift */,
				18CF299625643A900063FBA6 /* CAPSPageMenu+Options.swift */,
				18CF299825643A900063FBA6 /* CAPSPageMenu+UIConfiguration.swift */,
				18CF299425643A8F0063FBA6 /* CAPSPageMenu+UIGestureRecognizerDelegate.swift */,
				18CF299A25643A900063FBA6 /* CAPSPageMenu+UIScrollViewDelegate.swift */,
				18CF299925643A900063FBA6 /* CAPSPageMenuConfiguration.swift */,
				18CF299525643A900063FBA6 /* MenuItemView.swift */,
			);
			path = PageMenu;
			sourceTree = "<group>";
		};
		18CF29A525643B230063FBA6 /* views */ = {
			isa = PBXGroup;
			children = (
				18F8D8DC2564085400594D4C /* Main.storyboard */,
				18A27116256569570093B125 /* customview */,
			);
			path = views;
			sourceTree = "<group>";
		};
		18CF29F3256451E00063FBA6 /* Services */ = {
			isa = PBXGroup;
			children = (
				18958B00256557D30098D398 /* Wireframe.swift */,
				18A2713325663CDC0093B125 /* RequestObservable.swift */,
				18A2713825663D140093B125 /* Apiclient.swift */,
			);
			name = Services;
			path = ..;
			sourceTree = "<group>";
		};
		18CF2A172564592D0063FBA6 /* ViewModel */ = {
			isa = PBXGroup;
			children = (
				18A271472566526A0093B125 /* PostlistModel.swift */,
				18A2712E25663CB50093B125 /* PostModel.swift */,
			);
			path = ViewModel;
			sourceTree = "<group>";
		};
		18F8D8CA2564085400594D4C = {
			isa = PBXGroup;
			children = (
				18F8D8D52564085400594D4C /* Demoapp */,
				18F8D8EF2564085700594D4C /* DemoappTests */,
				18F8D8FA2564085700594D4C /* DemoappUITests */,
				18F8D8D42564085400594D4C /* Products */,
				89F96955C98A70D97B561119 /* Pods */,
				E2C65F9D1F0120DAAFB9DEE9 /* Frameworks */,
			);
			sourceTree = "<group>";
		};
		18F8D8D42564085400594D4C /* Products */ = {
			isa = PBXGroup;
			children = (
				18F8D8D32564085400594D4C /* Demoapp.app */,
				18F8D8EC2564085700594D4C /* DemoappTests.xctest */,
				18F8D8F72564085700594D4C /* DemoappUITests.xctest */,
			);
			name = Products;
			sourceTree = "<group>";
		};
		18F8D8D52564085400594D4C /* Demoapp */ = {
			isa = PBXGroup;
			children = (
				18CF2A172564592D0063FBA6 /* ViewModel */,
				18CF29A525643B230063FBA6 /* views */,
				18958B21256562790098D398 /* controller */,
				18F8D8D62564085400594D4C /* AppDelegate.swift */,
				18F8D8D82564085400594D4C /* SceneDelegate.swift */,
				18F8D8E22564085600594D4C /* Assets.xcassets */,
				18F8D8E42564085600594D4C /* LaunchScreen.storyboard */,
				18F8D8E72564085600594D4C /* Info.plist */,
				18F8D8DF2564085400594D4C /* Demoapp.xcdatamodeld */,
				18958B1F2565623C0098D398 /* Helper */,
				18A2713D25663D520093B125 /* DisplayPostcontroller.swift */,
			);
			path = Demoapp;
			sourceTree = "<group>";
		};
		18F8D8EF2564085700594D4C /* DemoappTests */ = {
			isa = PBXGroup;
			children = (
				18F8D8F02564085700594D4C /* DemoappTests.swift */,
				18F8D8F22564085700594D4C /* Info.plist */,
			);
			path = DemoappTests;
			sourceTree = "<group>";
		};
		18F8D8FA2564085700594D4C /* DemoappUITests */ = {
			isa = PBXGroup;
			children = (
				18F8D8FB2564085700594D4C /* DemoappUITests.swift */,
				18F8D8FD2564085700594D4C /* Info.plist */,
			);
			path = DemoappUITests;
			sourceTree = "<group>";
		};
		89F96955C98A70D97B561119 /* Pods */ = {
			isa = PBXGroup;
			children = (
				6C2ACE5CC8767CFAA9306CA0 /* Pods-Demoapp.debug.xcconfig */,
				71055003F9FB1629F3C94A0C /* Pods-Demoapp.release.xcconfig */,
				049EC5F6EDCB6A97EB3546F0 /* Pods-Demoapp-DemoappUITests.debug.xcconfig */,
				A7CB3D1D5BC1F02977B44765 /* Pods-Demoapp-DemoappUITests.release.xcconfig */,
				21282479617ADAA938C1C458 /* Pods-DemoappTests.debug.xcconfig */,
				32502859C7E9FE32169C0F25 /* Pods-DemoappTests.release.xcconfig */,
			);
			path = Pods;
			sourceTree = "<group>";
		};
		E2C65F9D1F0120DAAFB9DEE9 /* Frameworks */ = {
			isa = PBXGroup;
			children = (
				38CE599778BC6F38A151DAB2 /* Pods_Demoapp.framework */,
				E513BD763D59082A581A7D15 /* Pods_Demoapp_DemoappUITests.framework */,
				E8B08EE9CFF7B246D04FEEB5 /* Pods_DemoappTests.framework */,
			);
			name = Frameworks;
			sourceTree = "<group>";
		};
/* End PBXGroup section */

/* Begin PBXNativeTarget section */
		18F8D8D22564085400594D4C /* Demoapp */ = {
			isa = PBXNativeTarget;
			buildConfigurationList = 18F8D9002564085700594D4C /* Build configuration list for PBXNativeTarget "Demoapp" */;
			buildPhases = (
				7A74D64D363E9FF53CB29723 /* [CP] Check Pods Manifest.lock */,
				18F8D8CF2564085400594D4C /* Sources */,
				18F8D8D02564085400594D4C /* Frameworks */,
				18F8D8D12564085400594D4C /* Resources */,
				9564DD1D134845974FB70D3A /* [CP] Embed Pods Frameworks */,
			);
			buildRules = (
			);
			dependencies = (
			);
			name = Demoapp;
			productName = Demoapp;
			productReference = 18F8D8D32564085400594D4C /* Demoapp.app */;
			productType = "com.apple.product-type.application";
		};
		18F8D8EB2564085700594D4C /* DemoappTests */ = {
			isa = PBXNativeTarget;
			buildConfigurationList = 18F8D9032564085700594D4C /* Build configuration list for PBXNativeTarget "DemoappTests" */;
			buildPhases = (
				DC9C37A9B7203DAB7C8E67E8 /* [CP] Check Pods Manifest.lock */,
				18F8D8E82564085700594D4C /* Sources */,
				18F8D8E92564085700594D4C /* Frameworks */,
				18F8D8EA2564085700594D4C /* Resources */,
			);
			buildRules = (
			);
			dependencies = (
				18F8D8EE2564085700594D4C /* PBXTargetDependency */,
			);
			name = DemoappTests;
			productName = DemoappTests;
			productReference = 18F8D8EC2564085700594D4C /* DemoappTests.xctest */;
			productType = "com.apple.product-type.bundle.unit-test";
		};
		18F8D8F62564085700594D4C /* DemoappUITests */ = {
			isa = PBXNativeTarget;
			buildConfigurationList = 18F8D9062564085700594D4C /* Build configuration list for PBXNativeTarget "DemoappUITests" */;
			buildPhases = (
				BA702053EACBF21F74EF678F /* [CP] Check Pods Manifest.lock */,
				18F8D8F32564085700594D4C /* Sources */,
				18F8D8F42564085700594D4C /* Frameworks */,
				18F8D8F52564085700594D4C /* Resources */,
				92FA7328CAC5DCEA7767FE33 /* [CP] Embed Pods Frameworks */,
			);
			buildRules = (
			);
			dependencies = (
				18F8D8F92564085700594D4C /* PBXTargetDependency */,
			);
			name = DemoappUITests;
			productName = DemoappUITests;
			productReference = 18F8D8F72564085700594D4C /* DemoappUITests.xctest */;
			productType = "com.apple.product-type.bundle.ui-testing";
		};
/* End PBXNativeTarget section */

/* Begin PBXProject section */
		18F8D8CB2564085400594D4C /* Project object */ = {
			isa = PBXProject;
			attributes = {
				LastSwiftUpdateCheck = 1200;
				LastUpgradeCheck = 1200;
				TargetAttributes = {
					18F8D8D22564085400594D4C = {
						CreatedOnToolsVersion = 12.0;
					};
					18F8D8EB2564085700594D4C = {
						CreatedOnToolsVersion = 12.0;
						TestTargetID = 18F8D8D22564085400594D4C;
					};
					18F8D8F62564085700594D4C = {
						CreatedOnToolsVersion = 12.0;
						TestTargetID = 18F8D8D22564085400594D4C;
					};
				};
			};
			buildConfigurationList = 18F8D8CE2564085400594D4C /* Build configuration list for PBXProject "Demoapp" */;
			compatibilityVersion = "Xcode 9.3";
			developmentRegion = en;
			hasScannedForEncodings = 0;
			knownRegions = (
				en,
				Base,
			);
			mainGroup = 18F8D8CA2564085400594D4C;
			productRefGroup = 18F8D8D42564085400594D4C /* Products */;
			projectDirPath = "";
			projectRoot = "";
			targets = (
				18F8D8D22564085400594D4C /* Demoapp */,
				18F8D8EB2564085700594D4C /* DemoappTests */,
				18F8D8F62564085700594D4C /* DemoappUITests */,
			);
		};
/* End PBXProject section */

/* Begin PBXResourcesBuildPhase section */
		18F8D8D12564085400594D4C /* Resources */ = {
			isa = PBXResourcesBuildPhase;
			buildActionMask = 2147483647;
			files = (
				18F8D8E62564085600594D4C /* LaunchScreen.storyboard in Resources */,
				18F8D8E32564085600594D4C /* Assets.xcassets in Resources */,
				18F8D8DE2564085400594D4C /* Main.storyboard in Resources */,
				18958B0B256558040098D398 /* Postlistcell.xib in Resources */,
			);
			runOnlyForDeploymentPostprocessing = 0;
		};
		18F8D8EA2564085700594D4C /* Resources */ = {
			isa = PBXResourcesBuildPhase;
			buildActionMask = 2147483647;
			files = (
			);
			runOnlyForDeploymentPostprocessing = 0;
		};
		18F8D8F52564085700594D4C /* Resources */ = {
			isa = PBXResourcesBuildPhase;
			buildActionMask = 2147483647;
			files = (
			);
			runOnlyForDeploymentPostprocessing = 0;
		};
/* End PBXResourcesBuildPhase section */

/* Begin PBXShellScriptBuildPhase section */
		7A74D64D363E9FF53CB29723 /* [CP] Check Pods Manifest.lock */ = {
			isa = PBXShellScriptBuildPhase;
			buildActionMask = 2147483647;
			files = (
			);
			inputFileListPaths = (
			);
			inputPaths = (
				"${PODS_PODFILE_DIR_PATH}/Podfile.lock",
				"${PODS_ROOT}/Manifest.lock",
			);
			name = "[CP] Check Pods Manifest.lock";
			outputFileListPaths = (
			);
			outputPaths = (
				"$(DERIVED_FILE_DIR)/Pods-Demoapp-checkManifestLockResult.txt",
			);
			runOnlyForDeploymentPostprocessing = 0;
			shellPath = /bin/sh;
			shellScript = "diff \"${PODS_PODFILE_DIR_PATH}/Podfile.lock\" \"${PODS_ROOT}/Manifest.lock\" > /dev/null\nif [ $? != 0 ] ; then\n    # print error to STDERR\n    echo \"error: The sandbox is not in sync with the Podfile.lock. Run 'pod install' or update your CocoaPods installation.\" >&2\n    exit 1\nfi\n# This output is used by Xcode 'outputs' to avoid re-running this script phase.\necho \"SUCCESS\" > \"${SCRIPT_OUTPUT_FILE_0}\"\n";
			showEnvVarsInLog = 0;
		};
		92FA7328CAC5DCEA7767FE33 /* [CP] Embed Pods Frameworks */ = {
			isa = PBXShellScriptBuildPhase;
			buildActionMask = 2147483647;
			files = (
			);
			inputFileListPaths = (
				"${PODS_ROOT}/Target Support Files/Pods-Demoapp-DemoappUITests/Pods-Demoapp-DemoappUITests-frameworks-${CONFIGURATION}-input-files.xcfilelist",
			);
			name = "[CP] Embed Pods Frameworks";
			outputFileListPaths = (
				"${PODS_ROOT}/Target Support Files/Pods-Demoapp-DemoappUITests/Pods-Demoapp-DemoappUITests-frameworks-${CONFIGURATION}-output-files.xcfilelist",
			);
			runOnlyForDeploymentPostprocessing = 0;
			shellPath = /bin/sh;
			shellScript = "\"${PODS_ROOT}/Target Support Files/Pods-Demoapp-DemoappUITests/Pods-Demoapp-DemoappUITests-frameworks.sh\"\n";
			showEnvVarsInLog = 0;
		};
		9564DD1D134845974FB70D3A /* [CP] Embed Pods Frameworks */ = {
			isa = PBXShellScriptBuildPhase;
			buildActionMask = 2147483647;
			files = (
			);
			inputFileListPaths = (
				"${PODS_ROOT}/Target Support Files/Pods-Demoapp/Pods-Demoapp-frameworks-${CONFIGURATION}-input-files.xcfilelist",
			);
			name = "[CP] Embed Pods Frameworks";
			outputFileListPaths = (
				"${PODS_ROOT}/Target Support Files/Pods-Demoapp/Pods-Demoapp-frameworks-${CONFIGURATION}-output-files.xcfilelist",
			);
			runOnlyForDeploymentPostprocessing = 0;
			shellPath = /bin/sh;
			shellScript = "\"${PODS_ROOT}/Target Support Files/Pods-Demoapp/Pods-Demoapp-frameworks.sh\"\n";
			showEnvVarsInLog = 0;
		};
		BA702053EACBF21F74EF678F /* [CP] Check Pods Manifest.lock */ = {
			isa = PBXShellScriptBuildPhase;
			buildActionMask = 2147483647;
			files = (
			);
			inputFileListPaths = (
			);
			inputPaths = (
				"${PODS_PODFILE_DIR_PATH}/Podfile.lock",
				"${PODS_ROOT}/Manifest.lock",
			);
			name = "[CP] Check Pods Manifest.lock";
			outputFileListPaths = (
			);
			outputPaths = (
				"$(DERIVED_FILE_DIR)/Pods-Demoapp-DemoappUITests-checkManifestLockResult.txt",
			);
			runOnlyForDeploymentPostprocessing = 0;
			shellPath = /bin/sh;
			shellScript = "diff \"${PODS_PODFILE_DIR_PATH}/Podfile.lock\" \"${PODS_ROOT}/Manifest.lock\" > /dev/null\nif [ $? != 0 ] ; then\n    # print error to STDERR\n    echo \"error: The sandbox is not in sync with the Podfile.lock. Run 'pod install' or update your CocoaPods installation.\" >&2\n    exit 1\nfi\n# This output is used by Xcode 'outputs' to avoid re-running this script phase.\necho \"SUCCESS\" > \"${SCRIPT_OUTPUT_FILE_0}\"\n";
			showEnvVarsInLog = 0;
		};
		DC9C37A9B7203DAB7C8E67E8 /* [CP] Check Pods Manifest.lock */ = {
			isa = PBXShellScriptBuildPhase;
			buildActionMask = 2147483647;
			files = (
			);
			inputFileListPaths = (
			);
			inputPaths = (
				"${PODS_PODFILE_DIR_PATH}/Podfile.lock",
				"${PODS_ROOT}/Manifest.lock",
			);
			name = "[CP] Check Pods Manifest.lock";
			outputFileListPaths = (
			);
			outputPaths = (
				"$(DERIVED_FILE_DIR)/Pods-DemoappTests-checkManifestLockResult.txt",
			);
			runOnlyForDeploymentPostprocessing = 0;
			shellPath = /bin/sh;
			shellScript = "diff \"${PODS_PODFILE_DIR_PATH}/Podfile.lock\" \"${PODS_ROOT}/Manifest.lock\" > /dev/null\nif [ $? != 0 ] ; then\n    # print error to STDERR\n    echo \"error: The sandbox is not in sync with the Podfile.lock. Run 'pod install' or update your CocoaPods installation.\" >&2\n    exit 1\nfi\n# This output is used by Xcode 'outputs' to avoid re-running this script phase.\necho \"SUCCESS\" > \"${SCRIPT_OUTPUT_FILE_0}\"\n";
			showEnvVarsInLog = 0;
		};
/* End PBXShellScriptBuildPhase section */

/* Begin PBXSourcesBuildPhase section */
		18F8D8CF2564085400594D4C /* Sources */ = {
			isa = PBXSourcesBuildPhase;
			buildActionMask = 2147483647;
			files = (
				18F8D8DB2564085400594D4C /* LoginViewController.swift in Sources */,
				18CF29A125643A900063FBA6 /* CAPSPageMenu+UIScrollViewDelegate.swift in Sources */,
				18A2713425663CDC0093B125 /* RequestObservable.swift in Sources */,
				18F8D8D72564085400594D4C /* AppDelegate.swift in Sources */,
				18CF29A725643B3D0063FBA6 /* PostListvc.swift in Sources */,
				18A2712F25663CB50093B125 /* PostModel.swift in Sources */,
				18A2713925663D140093B125 /* Apiclient.swift in Sources */,
				181DB0A225641A42009BB1B7 /* Homeviewcontroller.swift in Sources */,
				18F8D8E12564085400594D4C /* Demoapp.xcdatamodeld in Sources */,
				18CF29AF25643B4D0063FBA6 /* FavListvc.swift in Sources */,
				18958B06256557E90098D398 /* ViewController.swift in Sources */,
				18A271482566526A0093B125 /* PostlistModel.swift in Sources */,
				18CF29B4256446420063FBA6 /* Postlistcell.swift in Sources */,
				18CF299C25643A900063FBA6 /* MenuItemView.swift in Sources */,
				18CF2A13256456B60063FBA6 /* ApiKeys.swift in Sources */,
				18CF29B9256447C90063FBA6 /* Theme.swift in Sources */,
				18A2713E25663D520093B125 /* DisplayPostcontroller.swift in Sources */,
				18CF29A025643A900063FBA6 /* CAPSPageMenuConfiguration.swift in Sources */,
				18CF299D25643A900063FBA6 /* CAPSPageMenu+Options.swift in Sources */,
				18F8D8D92564085400594D4C /* SceneDelegate.swift in Sources */,
				18CF299B25643A900063FBA6 /* CAPSPageMenu+UIGestureRecognizerDelegate.swift in Sources */,
				18958B01256557D30098D398 /* Wireframe.swift in Sources */,
				18CF299E25643A900063FBA6 /* CAPSPageMenu.swift in Sources */,
				18CF299F25643A900063FBA6 /* CAPSPageMenu+UIConfiguration.swift in Sources */,
			);
			runOnlyForDeploymentPostprocessing = 0;
		};
		18F8D8E82564085700594D4C /* Sources */ = {
			isa = PBXSourcesBuildPhase;
			buildActionMask = 2147483647;
			files = (
				18F8D8F12564085700594D4C /* DemoappTests.swift in Sources */,
			);
			runOnlyForDeploymentPostprocessing = 0;
		};
		18F8D8F32564085700594D4C /* Sources */ = {
			isa = PBXSourcesBuildPhase;
			buildActionMask = 2147483647;
			files = (
				18F8D8FC2564085700594D4C /* DemoappUITests.swift in Sources */,
			);
			runOnlyForDeploymentPostprocessing = 0;
		};
/* End PBXSourcesBuildPhase section */

/* Begin PBXTargetDependency section */
		18F8D8EE2564085700594D4C /* PBXTargetDependency */ = {
			isa = PBXTargetDependency;
			target = 18F8D8D22564085400594D4C /* Demoapp */;
			targetProxy = 18F8D8ED2564085700594D4C /* PBXContainerItemProxy */;
		};
		18F8D8F92564085700594D4C /* PBXTargetDependency */ = {
			isa = PBXTargetDependency;
			target = 18F8D8D22564085400594D4C /* Demoapp */;
			targetProxy = 18F8D8F82564085700594D4C /* PBXContainerItemProxy */;
		};
/* End PBXTargetDependency section */

/* Begin PBXVariantGroup section */
		18F8D8DC2564085400594D4C /* Main.storyboard */ = {
			isa = PBXVariantGroup;
			children = (
				18F8D8DD2564085400594D4C /* Base */,
			);
			name = Main.storyboard;
			sourceTree = "<group>";
		};
		18F8D8E42564085600594D4C /* LaunchScreen.storyboard */ = {
			isa = PBXVariantGroup;
			children = (
				18F8D8E52564085600594D4C /* Base */,
			);
			name = LaunchScreen.storyboard;
			sourceTree = "<group>";
		};
/* End PBXVariantGroup section */

/* Begin XCBuildConfiguration section */
		18F8D8FE2564085700594D4C /* Debug */ = {
			isa = XCBuildConfiguration;
			buildSettings = {
				ALWAYS_SEARCH_USER_PATHS = NO;
				CLANG_ANALYZER_NONNULL = YES;
				CLANG_ANALYZER_NUMBER_OBJECT_CONVERSION = YES_AGGRESSIVE;
				CLANG_CXX_LANGUAGE_STANDARD = "gnu++14";
				CLANG_CXX_LIBRARY = "libc++";
				CLANG_ENABLE_MODULES = YES;
				CLANG_ENABLE_OBJC_ARC = YES;
				CLANG_ENABLE_OBJC_WEAK = YES;
				CLANG_WARN_BLOCK_CAPTURE_AUTORELEASING = YES;
				CLANG_WARN_BOOL_CONVERSION = YES;
				CLANG_WARN_COMMA = YES;
				CLANG_WARN_CONSTANT_CONVERSION = YES;
				CLANG_WARN_DEPRECATED_OBJC_IMPLEMENTATIONS = YES;
				CLANG_WARN_DIRECT_OBJC_ISA_USAGE = YES_ERROR;
				CLANG_WARN_DOCUMENTATION_COMMENTS = YES;
				CLANG_WARN_EMPTY_BODY = YES;
				CLANG_WARN_ENUM_CONVERSION = YES;
				CLANG_WARN_INFINITE_RECURSION = YES;
				CLANG_WARN_INT_CONVERSION = YES;
				CLANG_WARN_NON_LITERAL_NULL_CONVERSION = YES;
				CLANG_WARN_OBJC_IMPLICIT_RETAIN_SELF = YES;
				CLANG_WARN_OBJC_LITERAL_CONVERSION = YES;
				CLANG_WARN_OBJC_ROOT_CLASS = YES_ERROR;
				CLANG_WARN_QUOTED_INCLUDE_IN_FRAMEWORK_HEADER = YES;
				CLANG_WARN_RANGE_LOOP_ANALYSIS = YES;
				CLANG_WARN_STRICT_PROTOTYPES = YES;
				CLANG_WARN_SUSPICIOUS_MOVE = YES;
				CLANG_WARN_UNGUARDED_AVAILABILITY = YES_AGGRESSIVE;
				CLANG_WARN_UNREACHABLE_CODE = YES;
				CLANG_WARN__DUPLICATE_METHOD_MATCH = YES;
				COPY_PHASE_STRIP = NO;
				DEBUG_INFORMATION_FORMAT = dwarf;
				ENABLE_STRICT_OBJC_MSGSEND = YES;
				ENABLE_TESTABILITY = YES;
				GCC_C_LANGUAGE_STANDARD = gnu11;
				GCC_DYNAMIC_NO_PIC = NO;
				GCC_NO_COMMON_BLOCKS = YES;
				GCC_OPTIMIZATION_LEVEL = 0;
				GCC_PREPROCESSOR_DEFINITIONS = (
					"DEBUG=1",
					"$(inherited)",
				);
				GCC_WARN_64_TO_32_BIT_CONVERSION = YES;
				GCC_WARN_ABOUT_RETURN_TYPE = YES_ERROR;
				GCC_WARN_UNDECLARED_SELECTOR = YES;
				GCC_WARN_UNINITIALIZED_AUTOS = YES_AGGRESSIVE;
				GCC_WARN_UNUSED_FUNCTION = YES;
				GCC_WARN_UNUSED_VARIABLE = YES;
				IPHONEOS_DEPLOYMENT_TARGET = 14.0;
				MTL_ENABLE_DEBUG_INFO = INCLUDE_SOURCE;
				MTL_FAST_MATH = YES;
				ONLY_ACTIVE_ARCH = YES;
				SDKROOT = iphoneos;
				SWIFT_ACTIVE_COMPILATION_CONDITIONS = DEBUG;
				SWIFT_OPTIMIZATION_LEVEL = "-Onone";
			};
			name = Debug;
		};
		18F8D8FF2564085700594D4C /* Release */ = {
			isa = XCBuildConfiguration;
			buildSettings = {
				ALWAYS_SEARCH_USER_PATHS = NO;
				CLANG_ANALYZER_NONNULL = YES;
				CLANG_ANALYZER_NUMBER_OBJECT_CONVERSION = YES_AGGRESSIVE;
				CLANG_CXX_LANGUAGE_STANDARD = "gnu++14";
				CLANG_CXX_LIBRARY = "libc++";
				CLANG_ENABLE_MODULES = YES;
				CLANG_ENABLE_OBJC_ARC = YES;
				CLANG_ENABLE_OBJC_WEAK = YES;
				CLANG_WARN_BLOCK_CAPTURE_AUTORELEASING = YES;
				CLANG_WARN_BOOL_CONVERSION = YES;
				CLANG_WARN_COMMA = YES;
				CLANG_WARN_CONSTANT_CONVERSION = YES;
				CLANG_WARN_DEPRECATED_OBJC_IMPLEMENTATIONS = YES;
				CLANG_WARN_DIRECT_OBJC_ISA_USAGE = YES_ERROR;
				CLANG_WARN_DOCUMENTATION_COMMENTS = YES;
				CLANG_WARN_EMPTY_BODY = YES;
				CLANG_WARN_ENUM_CONVERSION = YES;
				CLANG_WARN_INFINITE_RECURSION = YES;
				CLANG_WARN_INT_CONVERSION = YES;
				CLANG_WARN_NON_LITERAL_NULL_CONVERSION = YES;
				CLANG_WARN_OBJC_IMPLICIT_RETAIN_SELF = YES;
				CLANG_WARN_OBJC_LITERAL_CONVERSION = YES;
				CLANG_WARN_OBJC_ROOT_CLASS = YES_ERROR;
				CLANG_WARN_QUOTED_INCLUDE_IN_FRAMEWORK_HEADER = YES;
				CLANG_WARN_RANGE_LOOP_ANALYSIS = YES;
				CLANG_WARN_STRICT_PROTOTYPES = YES;
				CLANG_WARN_SUSPICIOUS_MOVE = YES;
				CLANG_WARN_UNGUARDED_AVAILABILITY = YES_AGGRESSIVE;
				CLANG_WARN_UNREACHABLE_CODE = YES;
				CLANG_WARN__DUPLICATE_METHOD_MATCH = YES;
				COPY_PHASE_STRIP = NO;
				DEBUG_INFORMATION_FORMAT = "dwarf-with-dsym";
				ENABLE_NS_ASSERTIONS = NO;
				ENABLE_STRICT_OBJC_MSGSEND = YES;
				GCC_C_LANGUAGE_STANDARD = gnu11;
				GCC_NO_COMMON_BLOCKS = YES;
				GCC_WARN_64_TO_32_BIT_CONVERSION = YES;
				GCC_WARN_ABOUT_RETURN_TYPE = YES_ERROR;
				GCC_WARN_UNDECLARED_SELECTOR = YES;
				GCC_WARN_UNINITIALIZED_AUTOS = YES_AGGRESSIVE;
				GCC_WARN_UNUSED_FUNCTION = YES;
				GCC_WARN_UNUSED_VARIABLE = YES;
				IPHONEOS_DEPLOYMENT_TARGET = 14.0;
				MTL_ENABLE_DEBUG_INFO = NO;
				MTL_FAST_MATH = YES;
				SDKROOT = iphoneos;
				SWIFT_COMPILATION_MODE = wholemodule;
				SWIFT_OPTIMIZATION_LEVEL = "-O";
				VALIDATE_PRODUCT = YES;
			};
			name = Release;
		};
		18F8D9012564085700594D4C /* Debug */ = {
			isa = XCBuildConfiguration;
			baseConfigurationReference = 6C2ACE5CC8767CFAA9306CA0 /* Pods-Demoapp.debug.xcconfig */;
			buildSettings = {
				ASSETCATALOG_COMPILER_APPICON_NAME = AppIcon;
				ASSETCATALOG_COMPILER_GLOBAL_ACCENT_COLOR_NAME = AccentColor;
				CODE_SIGN_STYLE = Automatic;
				DEVELOPMENT_TEAM = ZPDMUQZHR2;
				INFOPLIST_FILE = Demoapp/Info.plist;
				LD_RUNPATH_SEARCH_PATHS = (
					"$(inherited)",
					"@executable_path/Frameworks",
				);
				PRODUCT_BUNDLE_IDENTIFIER = com.info.Demoapp;
				PRODUCT_NAME = "$(TARGET_NAME)";
				SWIFT_VERSION = 5.0;
				TARGETED_DEVICE_FAMILY = "1,2";
			};
			name = Debug;
		};
		18F8D9022564085700594D4C /* Release */ = {
			isa = XCBuildConfiguration;
			baseConfigurationReference = 71055003F9FB1629F3C94A0C /* Pods-Demoapp.release.xcconfig */;
			buildSettings = {
				ASSETCATALOG_COMPILER_APPICON_NAME = AppIcon;
				ASSETCATALOG_COMPILER_GLOBAL_ACCENT_COLOR_NAME = AccentColor;
				CODE_SIGN_STYLE = Automatic;
				DEVELOPMENT_TEAM = ZPDMUQZHR2;
				INFOPLIST_FILE = Demoapp/Info.plist;
				LD_RUNPATH_SEARCH_PATHS = (
					"$(inherited)",
					"@executable_path/Frameworks",
				);
				PRODUCT_BUNDLE_IDENTIFIER = com.info.Demoapp;
				PRODUCT_NAME = "$(TARGET_NAME)";
				SWIFT_VERSION = 5.0;
				TARGETED_DEVICE_FAMILY = "1,2";
			};
			name = Release;
		};
		18F8D9042564085700594D4C /* Debug */ = {
			isa = XCBuildConfiguration;
			baseConfigurationReference = 21282479617ADAA938C1C458 /* Pods-DemoappTests.debug.xcconfig */;
			buildSettings = {
				ALWAYS_EMBED_SWIFT_STANDARD_LIBRARIES = YES;
				BUNDLE_LOADER = "$(TEST_HOST)";
				CODE_SIGN_STYLE = Automatic;
				DEVELOPMENT_TEAM = ZPDMUQZHR2;
				INFOPLIST_FILE = DemoappTests/Info.plist;
				IPHONEOS_DEPLOYMENT_TARGET = 14.0;
				LD_RUNPATH_SEARCH_PATHS = (
					"$(inherited)",
					"@executable_path/Frameworks",
					"@loader_path/Frameworks",
				);
				PRODUCT_BUNDLE_IDENTIFIER = com.info.DemoappTests;
				PRODUCT_NAME = "$(TARGET_NAME)";
				SWIFT_VERSION = 5.0;
				TARGETED_DEVICE_FAMILY = "1,2";
				TEST_HOST = "$(BUILT_PRODUCTS_DIR)/Demoapp.app/Demoapp";
			};
			name = Debug;
		};
		18F8D9052564085700594D4C /* Release */ = {
			isa = XCBuildConfiguration;
			baseConfigurationReference = 32502859C7E9FE32169C0F25 /* Pods-DemoappTests.release.xcconfig */;
			buildSettings = {
				ALWAYS_EMBED_SWIFT_STANDARD_LIBRARIES = YES;
				BUNDLE_LOADER = "$(TEST_HOST)";
				CODE_SIGN_STYLE = Automatic;
				DEVELOPMENT_TEAM = ZPDMUQZHR2;
				INFOPLIST_FILE = DemoappTests/Info.plist;
				IPHONEOS_DEPLOYMENT_TARGET = 14.0;
				LD_RUNPATH_SEARCH_PATHS = (
					"$(inherited)",
					"@executable_path/Frameworks",
					"@loader_path/Frameworks",
				);
				PRODUCT_BUNDLE_IDENTIFIER = com.info.DemoappTests;
				PRODUCT_NAME = "$(TARGET_NAME)";
				SWIFT_VERSION = 5.0;
				TARGETED_DEVICE_FAMILY = "1,2";
				TEST_HOST = "$(BUILT_PRODUCTS_DIR)/Demoapp.app/Demoapp";
			};
			name = Release;
		};
		18F8D9072564085700594D4C /* Debug */ = {
			isa = XCBuildConfiguration;
			baseConfigurationReference = 049EC5F6EDCB6A97EB3546F0 /* Pods-Demoapp-DemoappUITests.debug.xcconfig */;
			buildSettings = {
				ALWAYS_EMBED_SWIFT_STANDARD_LIBRARIES = YES;
				CODE_SIGN_STYLE = Automatic;
				DEVELOPMENT_TEAM = ZPDMUQZHR2;
				INFOPLIST_FILE = DemoappUITests/Info.plist;
				LD_RUNPATH_SEARCH_PATHS = (
					"$(inherited)",
					"@executable_path/Frameworks",
					"@loader_path/Frameworks",
				);
				PRODUCT_BUNDLE_IDENTIFIER = com.info.DemoappUITests;
				PRODUCT_NAME = "$(TARGET_NAME)";
				SWIFT_VERSION = 5.0;
				TARGETED_DEVICE_FAMILY = "1,2";
				TEST_TARGET_NAME = Demoapp;
			};
			name = Debug;
		};
		18F8D9082564085700594D4C /* Release */ = {
			isa = XCBuildConfiguration;
			baseConfigurationReference = A7CB3D1D5BC1F02977B44765 /* Pods-Demoapp-DemoappUITests.release.xcconfig */;
			buildSettings = {
				ALWAYS_EMBED_SWIFT_STANDARD_LIBRARIES = YES;
				CODE_SIGN_STYLE = Automatic;
				DEVELOPMENT_TEAM = ZPDMUQZHR2;
				INFOPLIST_FILE = DemoappUITests/Info.plist;
				LD_RUNPATH_SEARCH_PATHS = (
					"$(inherited)",
					"@executable_path/Frameworks",
					"@loader_path/Frameworks",
				);
				PRODUCT_BUNDLE_IDENTIFIER = com.info.DemoappUITests;
				PRODUCT_NAME = "$(TARGET_NAME)";
				SWIFT_VERSION = 5.0;
				TARGETED_DEVICE_FAMILY = "1,2";
				TEST_TARGET_NAME = Demoapp;
			};
			name = Release;
		};
/* End XCBuildConfiguration section */

/* Begin XCConfigurationList section */
		18F8D8CE2564085400594D4C /* Build configuration list for PBXProject "Demoapp" */ = {
			isa = XCConfigurationList;
			buildConfigurations = (
				18F8D8FE2564085700594D4C /* Debug */,
				18F8D8FF2564085700594D4C /* Release */,
			);
			defaultConfigurationIsVisible = 0;
			defaultConfigurationName = Release;
		};
		18F8D9002564085700594D4C /* Build configuration list for PBXNativeTarget "Demoapp" */ = {
			isa = XCConfigurationList;
			buildConfigurations = (
				18F8D9012564085700594D4C /* Debug */,
				18F8D9022564085700594D4C /* Release */,
			);
			defaultConfigurationIsVisible = 0;
			defaultConfigurationName = Release;
		};
		18F8D9032564085700594D4C /* Build configuration list for PBXNativeTarget "DemoappTests" */ = {
			isa = XCConfigurationList;
			buildConfigurations = (
				18F8D9042564085700594D4C /* Debug */,
				18F8D9052564085700594D4C /* Release */,
			);
			defaultConfigurationIsVisible = 0;
			defaultConfigurationName = Release;
		};
		18F8D9062564085700594D4C /* Build configuration list for PBXNativeTarget "DemoappUITests" */ = {
			isa = XCConfigurationList;
			buildConfigurations = (
				18F8D9072564085700594D4C /* Debug */,
				18F8D9082564085700594D4C /* Release */,
			);
			defaultConfigurationIsVisible = 0;
			defaultConfigurationName = Release;
		};
/* End XCConfigurationList section */

/* Begin XCVersionGroup section */
		18F8D8DF2564085400594D4C /* Demoapp.xcdatamodeld */ = {
			isa = XCVersionGroup;
			children = (
				18F8D8E02564085400594D4C /* Demoapp.xcdatamodel */,
			);
			currentVersion = 18F8D8E02564085400594D4C /* Demoapp.xcdatamodel */;
			path = Demoapp.xcdatamodeld;
			sourceTree = "<group>";
			versionGroupType = wrapper.xcdatamodel;
		};
/* End XCVersionGroup section */
	};
	rootObject = 18F8D8CB2564085400594D4C /* Project object */;
}
